
Microsoft Visual Studio Solution File, Format Version 12.00
# Visual Studio 15
VisualStudioVersion = 15.0.26228.9
MinimumVisualStudioVersion = 10.0.40219.1
Project("{FAE04EC0-301F-11D3-BF4B-00C04F79EFBC}") = "SampleServer", "SampleServer\SampleServer.csproj", "{21B037CB-8C9F-4342-A227-E5ABA3E34716}"
EndProject
Project("{FAE04EC0-301F-11D3-BF4B-00C04F79EFBC}") = "ConsoleClient", "SampleConsoleClient\ConsoleClient\ConsoleClient.csproj", "{A5FEEDFB-F4DB-44D7-92E8-935779BEB548}"
	ProjectSection(ProjectDependencies) = postProject
		{21B037CB-8C9F-4342-A227-E5ABA3E34716} = {21B037CB-8C9F-4342-A227-E5ABA3E34716}
	EndProjectSection
EndProject
Project("{FAE04EC0-301F-11D3-BF4B-00C04F79EFBC}") = "WebClient", "WebClient\WebClient.csproj", "{3309BBD1-C173-4084-AC80-A3C4C145C36B}"
EndProject
Global
	GlobalSection(SolutionConfigurationPlatforms) = preSolution
		Debug|Any CPU = Debug|Any CPU
		Release|Any CPU = Release|Any CPU
	EndGlobalSection
	GlobalSection(ProjectConfigurationPlatforms) = postSolution
		{21B037CB-8C9F-4342-A227-E5ABA3E34716}.Debug|Any CPU.ActiveCfg = Debug|Any CPU
		{21B037CB-8C9F-4342-A227-E5ABA3E34716}.Debug|Any CPU.Build.0 = Debug|Any CPU
		{21B037CB-8C9F-4342-A227-E5ABA3E34716}.Release|Any CPU.ActiveCfg = Release|Any CPU
		{21B037CB-8C9F-4342-A227-E5ABA3E34716}.Release|Any CPU.Build.0 = Release|Any CPU
		{A5FEEDFB-F4DB-44D7-92E8-935779BEB548}.Debug|Any CPU.ActiveCfg = Debug|Any CPU
		{A5FEEDFB-F4DB-44D7-92E8-935779BEB548}.Debug|Any CPU.Build.0 = Debug|Any CPU
		{A5FEEDFB-F4DB-44D7-92E8-935779BEB548}.Release|Any CPU.ActiveCfg = Release|Any CPU
		{A5FEEDFB-F4DB-44D7-92E8-935779BEB548}.Release|Any CPU.Build.0 = Release|Any CPU
		{3309BBD1-C173-4084-AC80-A3C4C145C36B}.Debug|Any CPU.ActiveCfg = Debug|Any CPU
		{3309BBD1-C173-4084-AC80-A3C4C145C36B}.Debug|Any CPU.Build.0 = Debug|Any CPU
		{3309BBD1-C173-4084-AC80-A3C4C145C36B}.Release|Any CPU.ActiveCfg = Release|Any CPU
		{3309BBD1-C173-4084-AC80-A3C4C145C36B}.Release|Any CPU.Build.0 = Release|Any CPU
	EndGlobalSection
	GlobalSection(SolutionProperties) = preSolution
		HideSolutionNode = FALSE
	EndGlobalSection
EndGlobal
