
Microsoft Visual Studio Solution File, Format Version 12.00
# Visual Studio 2012
Project("{FAE04EC0-301F-11D3-BF4B-00C04F79EFBC}") = "LocalDB", "LocalDB\LocalDB.csproj", "{A156A2D0-86DF-4DCC-80A1-1332DEEC1ABC}"
EndProject
Global
	GlobalSection(SolutionConfigurationPlatforms) = preSolution
		Debug|Any CPU = Debug|Any CPU
		Release|Any CPU = Release|Any CPU
	EndGlobalSection
	GlobalSection(ProjectConfigurationPlatforms) = postSolution
		{A156A2D0-86DF-4DCC-80A1-1332DEEC1ABC}.Debug|Any CPU.ActiveCfg = Debug|Any CPU
		{A156A2D0-86DF-4DCC-80A1-1332DEEC1ABC}.Debug|Any CPU.Build.0 = Debug|Any CPU
		{A156A2D0-86DF-4DCC-80A1-1332DEEC1ABC}.Release|Any CPU.ActiveCfg = Release|Any CPU
		{A156A2D0-86DF-4DCC-80A1-1332DEEC1ABC}.Release|Any CPU.Build.0 = Release|Any CPU
	EndGlobalSection
	GlobalSection(SolutionProperties) = preSolution
		HideSolutionNode = FALSE
	EndGlobalSection
EndGlobal
