
Microsoft Visual Studio Solution File, Format Version 12.00
# Visual Studio 2012
Project("{FAE04EC0-301F-11D3-BF4B-00C04F79EFBC}") = "Random", "Random\Random.csproj", "{91272AEC-3151-4029-97D6-6CF21EE4FDAD}"
EndProject
Global
	GlobalSection(SolutionConfigurationPlatforms) = preSolution
		Debug|Any CPU = Debug|Any CPU
		Release|Any CPU = Release|Any CPU
	EndGlobalSection
	GlobalSection(ProjectConfigurationPlatforms) = postSolution
		{91272AEC-3151-4029-97D6-6CF21EE4FDAD}.Debug|Any CPU.ActiveCfg = Debug|Any CPU
		{91272AEC-3151-4029-97D6-6CF21EE4FDAD}.Debug|Any CPU.Build.0 = Debug|Any CPU
		{91272AEC-3151-4029-97D6-6CF21EE4FDAD}.Release|Any CPU.ActiveCfg = Release|Any CPU
		{91272AEC-3151-4029-97D6-6CF21EE4FDAD}.Release|Any CPU.Build.0 = Release|Any CPU
	EndGlobalSection
	GlobalSection(SolutionProperties) = preSolution
		HideSolutionNode = FALSE
	EndGlobalSection
EndGlobal
